// !$*UTF8*$!
{
	archiveVersion = 1;
	classes = {
	};
	objectVersion = 56;
	objects = {

/* Begin PBXBuildFile section */
		774434922BD8DDBA0082FF01 /* Acucent_iOSApp.swift in Sources */ = {isa = PBXBuildFile; fileRef = 774434912BD8DDBA0082FF01 /* Acucent_iOSApp.swift */; };
		774434942BD8DDBA0082FF01 /* ContentView.swift in Sources */ = {isa = PBXBuildFile; fileRef = 774434932BD8DDBA0082FF01 /* ContentView.swift */; };
		774434962BD8DDBC0082FF01 /* Assets.xcassets in Resources */ = {isa = PBXBuildFile; fileRef = 774434952BD8DDBC0082FF01 /* Assets.xcassets */; };
		774434992BD8DDBC0082FF01 /* Preview Assets.xcassets in Resources */ = {isa = PBXBuildFile; fileRef = 774434982BD8DDBC0082FF01 /* Preview Assets.xcassets */; };
		774434A32BD8DDBC0082FF01 /* Acucent_iOSTests.swift in Sources */ = {isa = PBXBuildFile; fileRef = 774434A22BD8DDBC0082FF01 /* Acucent_iOSTests.swift */; };
		774434AD2BD8DDBC0082FF01 /* Acucent_iOSUITests.swift in Sources */ = {isa = PBXBuildFile; fileRef = 774434AC2BD8DDBC0082FF01 /* Acucent_iOSUITests.swift */; };
		774434AF2BD8DDBC0082FF01 /* Acucent_iOSUITestsLaunchTests.swift in Sources */ = {isa = PBXBuildFile; fileRef = 774434AE2BD8DDBC0082FF01 /* Acucent_iOSUITestsLaunchTests.swift */; };
		774434BC2BD8E0810082FF01 /* Launch Screen.storyboard in Resources */ = {isa = PBXBuildFile; fileRef = 774434BB2BD8E0810082FF01 /* Launch Screen.storyboard */; };
		774434BE2BD8E1160082FF01 /* 372231255932145874-removebg.png in Resources */ = {isa = PBXBuildFile; fileRef = 774434BD2BD8E1160082FF01 /* 372231255932145874-removebg.png */; };
		774434C22BD94E580082FF01 /* ButtonAction.swift in Sources */ = {isa = PBXBuildFile; fileRef = 774434C12BD94E580082FF01 /* ButtonAction.swift */; };
/* End PBXBuildFile section */

/* Begin PBXContainerItemProxy section */
		7744349F2BD8DDBC0082FF01 /* PBXContainerItemProxy */ = {
			isa = PBXContainerItemProxy;
			containerPortal = 774434862BD8DDBA0082FF01 /* Project object */;
			proxyType = 1;
			remoteGlobalIDString = 7744348D2BD8DDBA0082FF01;
			remoteInfo = "Acucent iOS";
		};
		774434A92BD8DDBC0082FF01 /* PBXContainerItemProxy */ = {
			isa = PBXContainerItemProxy;
			containerPortal = 774434862BD8DDBA0082FF01 /* Project object */;
			proxyType = 1;
			remoteGlobalIDString = 7744348D2BD8DDBA0082FF01;
			remoteInfo = "Acucent iOS";
		};
/* End PBXContainerItemProxy section */

/* Begin PBXFileReference section */
		7744348E2BD8DDBA0082FF01 /* Acucent iOS.app */ = {isa = PBXFileReference; explicitFileType = wrapper.application; includeInIndex = 0; path = "Acucent iOS.app"; sourceTree = BUILT_PRODUCTS_DIR; };
		774434912BD8DDBA0082FF01 /* Acucent_iOSApp.swift */ = {isa = PBXFileReference; lastKnownFileType = sourcecode.swift; path = Acucent_iOSApp.swift; sourceTree = "<group>"; };
		774434932BD8DDBA0082FF01 /* ContentView.swift */ = {isa = PBXFileReference; lastKnownFileType = sourcecode.swift; path = ContentView.swift; sourceTree = "<group>"; };
		774434952BD8DDBC0082FF01 /* Assets.xcassets */ = {isa = PBXFileReference; lastKnownFileType = folder.assetcatalog; path = Assets.xcassets; sourceTree = "<group>"; };
		774434982BD8DDBC0082FF01 /* Preview Assets.xcassets */ = {isa = PBXFileReference; lastKnownFileType = folder.assetcatalog; path = "Preview Assets.xcassets"; sourceTree = "<group>"; };
		7744349E2BD8DDBC0082FF01 /* Acucent iOSTests.xctest */ = {isa = PBXFileReference; explicitFileType = wrapper.cfbundle; includeInIndex = 0; path = "Acucent iOSTests.xctest"; sourceTree = BUILT_PRODUCTS_DIR; };
		774434A22BD8DDBC0082FF01 /* Acucent_iOSTests.swift */ = {isa = PBXFileReference; lastKnownFileType = sourcecode.swift; path = Acucent_iOSTests.swift; sourceTree = "<group>"; };
		774434A82BD8DDBC0082FF01 /* Acucent iOSUITests.xctest */ = {isa = PBXFileReference; explicitFileType = wrapper.cfbundle; includeInIndex = 0; path = "Acucent iOSUITests.xctest"; sourceTree = BUILT_PRODUCTS_DIR; };
		774434AC2BD8DDBC0082FF01 /* Acucent_iOSUITests.swift */ = {isa = PBXFileReference; lastKnownFileType = sourcecode.swift; path = Acucent_iOSUITests.swift; sourceTree = "<group>"; };
		774434AE2BD8DDBC0082FF01 /* Acucent_iOSUITestsLaunchTests.swift */ = {isa = PBXFileReference; lastKnownFileType = sourcecode.swift; path = Acucent_iOSUITestsLaunchTests.swift; sourceTree = "<group>"; };
		774434BB2BD8E0810082FF01 /* Launch Screen.storyboard */ = {isa = PBXFileReference; lastKnownFileType = file.storyboard; path = "Launch Screen.storyboard"; sourceTree = "<group>"; };
		774434BD2BD8E1160082FF01 /* 372231255932145874-removebg.png */ = {isa = PBXFileReference; lastKnownFileType = image.png; path = "372231255932145874-removebg.png"; sourceTree = "<group>"; };
		774434C12BD94E580082FF01 /* ButtonAction.swift */ = {isa = PBXFileReference; lastKnownFileType = sourcecode.swift; path = ButtonAction.swift; sourceTree = "<group>"; };
/* End PBXFileReference section */

/* Begin PBXFrameworksBuildPhase section */
		7744348B2BD8DDBA0082FF01 /* Frameworks */ = {
			isa = PBXFrameworksBuildPhase;
			buildActionMask = 2147483647;
			files = (
			);
			runOnlyForDeploymentPostprocessing = 0;
		};
		7744349B2BD8DDBC0082FF01 /* Frameworks */ = {
			isa = PBXFrameworksBuildPhase;
			buildActionMask = 2147483647;
			files = (
			);
			runOnlyForDeploymentPostprocessing = 0;
		};
		774434A52BD8DDBC0082FF01 /* Frameworks */ = {
			isa = PBXFrameworksBuildPhase;
			buildActionMask = 2147483647;
			files = (
			);
			runOnlyForDeploymentPostprocessing = 0;
		};
/* End PBXFrameworksBuildPhase section */

/* Begin PBXGroup section */
		774434852BD8DDBA0082FF01 = {
			isa = PBXGroup;
			children = (
				774434902BD8DDBA0082FF01 /* Acucent iOS */,
				774434A12BD8DDBC0082FF01 /* Acucent iOSTests */,
				774434AB2BD8DDBC0082FF01 /* Acucent iOSUITests */,
				7744348F2BD8DDBA0082FF01 /* Products */,
			);
			sourceTree = "<group>";
		};
		7744348F2BD8DDBA0082FF01 /* Products */ = {
			isa = PBXGroup;
			children = (
				7744348E2BD8DDBA0082FF01 /* Acucent iOS.app */,
				7744349E2BD8DDBC0082FF01 /* Acucent iOSTests.xctest */,
				774434A82BD8DDBC0082FF01 /* Acucent iOSUITests.xctest */,
			);
			name = Products;
			sourceTree = "<group>";
		};
		774434902BD8DDBA0082FF01 /* Acucent iOS */ = {
			isa = PBXGroup;
			children = (
				774434912BD8DDBA0082FF01 /* Acucent_iOSApp.swift */,
				774434932BD8DDBA0082FF01 /* ContentView.swift */,
				774434C12BD94E580082FF01 /* ButtonAction.swift */,
				774434BB2BD8E0810082FF01 /* Launch Screen.storyboard */,
				774434BD2BD8E1160082FF01 /* 372231255932145874-removebg.png */,
				774434952BD8DDBC0082FF01 /* Assets.xcassets */,
				774434972BD8DDBC0082FF01 /* Preview Content */,
			);
			path = "Acucent iOS";
			sourceTree = "<group>";
		};
		774434972BD8DDBC0082FF01 /* Preview Content */ = {
			isa = PBXGroup;
			children = (
				774434982BD8DDBC0082FF01 /* Preview Assets.xcassets */,
			);
			path = "Preview Content";
			sourceTree = "<group>";
		};
		774434A12BD8DDBC0082FF01 /* Acucent iOSTests */ = {
			isa = PBXGroup;
			children = (
				774434A22BD8DDBC0082FF01 /* Acucent_iOSTests.swift */,
			);
			path = "Acucent iOSTests";
			sourceTree = "<group>";
		};
		774434AB2BD8DDBC0082FF01 /* Acucent iOSUITests */ = {
			isa = PBXGroup;
			children = (
				774434AC2BD8DDBC0082FF01 /* Acucent_iOSUITests.swift */,
				774434AE2BD8DDBC0082FF01 /* Acucent_iOSUITestsLaunchTests.swift */,
			);
			path = "Acucent iOSUITests";
			sourceTree = "<group>";
		};
/* End PBXGroup section */

/* Begin PBXNativeTarget section */
		7744348D2BD8DDBA0082FF01 /* Acucent iOS */ = {
			isa = PBXNativeTarget;
			buildConfigurationList = 774434B22BD8DDBC0082FF01 /* Build configuration list for PBXNativeTarget "Acucent iOS" */;
			buildPhases = (
				7744348A2BD8DDBA0082FF01 /* Sources */,
				7744348B2BD8DDBA0082FF01 /* Frameworks */,
				7744348C2BD8DDBA0082FF01 /* Resources */,
			);
			buildRules = (
			);
			dependencies = (
			);
			name = "Acucent iOS";
			productName = "Acucent iOS";
			productReference = 7744348E2BD8DDBA0082FF01 /* Acucent iOS.app */;
			productType = "com.apple.product-type.application";
		};
		7744349D2BD8DDBC0082FF01 /* Acucent iOSTests */ = {
			isa = PBXNativeTarget;
			buildConfigurationList = 774434B52BD8DDBC0082FF01 /* Build configuration list for PBXNativeTarget "Acucent iOSTests" */;
			buildPhases = (
				7744349A2BD8DDBC0082FF01 /* Sources */,
				7744349B2BD8DDBC0082FF01 /* Frameworks */,
				7744349C2BD8DDBC0082FF01 /* Resources */,
			);
			buildRules = (
			);
			dependencies = (
				774434A02BD8DDBC0082FF01 /* PBXTargetDependency */,
			);
			name = "Acucent iOSTests";
			productName = "Acucent iOSTests";
			productReference = 7744349E2BD8DDBC0082FF01 /* Acucent iOSTests.xctest */;
			productType = "com.apple.product-type.bundle.unit-test";
		};
		774434A72BD8DDBC0082FF01 /* Acucent iOSUITests */ = {
			isa = PBXNativeTarget;
			buildConfigurationList = 774434B82BD8DDBC0082FF01 /* Build configuration list for PBXNativeTarget "Acucent iOSUITests" */;
			buildPhases = (
				774434A42BD8DDBC0082FF01 /* Sources */,
				774434A52BD8DDBC0082FF01 /* Frameworks */,
				774434A62BD8DDBC0082FF01 /* Resources */,
			);
			buildRules = (
			);
			dependencies = (
				774434AA2BD8DDBC0082FF01 /* PBXTargetDependency */,
			);
			name = "Acucent iOSUITests";
			productName = "Acucent iOSUITests";
			productReference = 774434A82BD8DDBC0082FF01 /* Acucent iOSUITests.xctest */;
			productType = "com.apple.product-type.bundle.ui-testing";
		};
/* End PBXNativeTarget section */

/* Begin PBXProject section */
		774434862BD8DDBA0082FF01 /* Project object */ = {
			isa = PBXProject;
			attributes = {
				BuildIndependentTargetsInParallel = 1;
				LastSwiftUpdateCheck = 1430;
				LastUpgradeCheck = 1430;
				TargetAttributes = {
					7744348D2BD8DDBA0082FF01 = {
						CreatedOnToolsVersion = 14.3.1;
					};
					7744349D2BD8DDBC0082FF01 = {
						CreatedOnToolsVersion = 14.3.1;
						TestTargetID = 7744348D2BD8DDBA0082FF01;
					};
					774434A72BD8DDBC0082FF01 = {
						CreatedOnToolsVersion = 14.3.1;
						TestTargetID = 7744348D2BD8DDBA0082FF01;
					};
				};
			};
			buildConfigurationList = 774434892BD8DDBA0082FF01 /* Build configuration list for PBXProject "Acucent iOS" */;
			compatibilityVersion = "Xcode 14.0";
			developmentRegion = en;
			hasScannedForEncodings = 0;
			knownRegions = (
				en,
				Base,
			);
			mainGroup = 774434852BD8DDBA0082FF01;
			productRefGroup = 7744348F2BD8DDBA0082FF01 /* Products */;
			projectDirPath = "";
			projectRoot = "";
			targets = (
				7744348D2BD8DDBA0082FF01 /* Acucent iOS */,
				7744349D2BD8DDBC0082FF01 /* Acucent iOSTests */,
				774434A72BD8DDBC0082FF01 /* Acucent iOSUITests */,
			);
		};
/* End PBXProject section */

/* Begin PBXResourcesBuildPhase section */
		7744348C2BD8DDBA0082FF01 /* Resources */ = {
			isa = PBXResourcesBuildPhase;
			buildActionMask = 2147483647;
			files = (
				774434BC2BD8E0810082FF01 /* Launch Screen.storyboard in Resources */,
				774434992BD8DDBC0082FF01 /* Preview Assets.xcassets in Resources */,
				774434962BD8DDBC0082FF01 /* Assets.xcassets in Resources */,
				774434BE2BD8E1160082FF01 /* 372231255932145874-removebg.png in Resources */,
			);
			runOnlyForDeploymentPostprocessing = 0;
		};
		7744349C2BD8DDBC0082FF01 /* Resources */ = {
			isa = PBXResourcesBuildPhase;
			buildActionMask = 2147483647;
			files = (
			);
			runOnlyForDeploymentPostprocessing = 0;
		};
		774434A62BD8DDBC0082FF01 /* Resources */ = {
			isa = PBXResourcesBuildPhase;
			buildActionMask = 2147483647;
			files = (
			);
			runOnlyForDeploymentPostprocessing = 0;
		};
/* End PBXResourcesBuildPhase section */

/* Begin PBXSourcesBuildPhase section */
		7744348A2BD8DDBA0082FF01 /* Sources */ = {
			isa = PBXSourcesBuildPhase;
			buildActionMask = 2147483647;
			files = (
				774434942BD8DDBA0082FF01 /* ContentView.swift in Sources */,
				774434C22BD94E580082FF01 /* ButtonAction.swift in Sources */,
				774434922BD8DDBA0082FF01 /* Acucent_iOSApp.swift in Sources */,
			);
			runOnlyForDeploymentPostprocessing = 0;
		};
		7744349A2BD8DDBC0082FF01 /* Sources */ = {
			isa = PBXSourcesBuildPhase;
			buildActionMask = 2147483647;
			files = (
				774434A32BD8DDBC0082FF01 /* Acucent_iOSTests.swift in Sources */,
			);
			runOnlyForDeploymentPostprocessing = 0;
		};
		774434A42BD8DDBC0082FF01 /* Sources */ = {
			isa = PBXSourcesBuildPhase;
			buildActionMask = 2147483647;
			files = (
				774434AF2BD8DDBC0082FF01 /* Acucent_iOSUITestsLaunchTests.swift in Sources */,
				774434AD2BD8DDBC0082FF01 /* Acucent_iOSUITests.swift in Sources */,
			);
			runOnlyForDeploymentPostprocessing = 0;
		};
/* End PBXSourcesBuildPhase section */

/* Begin PBXTargetDependency section */
		774434A02BD8DDBC0082FF01 /* PBXTargetDependency */ = {
			isa = PBXTargetDependency;
			target = 7744348D2BD8DDBA0082FF01 /* Acucent iOS */;
			targetProxy = 7744349F2BD8DDBC0082FF01 /* PBXContainerItemProxy */;
		};
		774434AA2BD8DDBC0082FF01 /* PBXTargetDependency */ = {
			isa = PBXTargetDependency;
			target = 7744348D2BD8DDBA0082FF01 /* Acucent iOS */;
			targetProxy = 774434A92BD8DDBC0082FF01 /* PBXContainerItemProxy */;
		};
/* End PBXTargetDependency section */

/* Begin XCBuildConfiguration section */
		774434B02BD8DDBC0082FF01 /* Debug */ = {
			isa = XCBuildConfiguration;
			buildSettings = {
				ALWAYS_SEARCH_USER_PATHS = NO;
				CLANG_ANALYZER_NONNULL = YES;
				CLANG_ANALYZER_NUMBER_OBJECT_CONVERSION = YES_AGGRESSIVE;
				CLANG_CXX_LANGUAGE_STANDARD = "gnu++20";
				CLANG_ENABLE_MODULES = YES;
				CLANG_ENABLE_OBJC_ARC = YES;
				CLANG_ENABLE_OBJC_WEAK = YES;
				CLANG_WARN_BLOCK_CAPTURE_AUTORELEASING = YES;
				CLANG_WARN_BOOL_CONVERSION = YES;
				CLANG_WARN_COMMA = YES;
				CLANG_WARN_CONSTANT_CONVERSION = YES;
				CLANG_WARN_DEPRECATED_OBJC_IMPLEMENTATIONS = YES;
				CLANG_WARN_DIRECT_OBJC_ISA_USAGE = YES_ERROR;
				CLANG_WARN_DOCUMENTATION_COMMENTS = YES;
				CLANG_WARN_EMPTY_BODY = YES;
				CLANG_WARN_ENUM_CONVERSION = YES;
				CLANG_WARN_INFINITE_RECURSION = YES;
				CLANG_WARN_INT_CONVERSION = YES;
				CLANG_WARN_NON_LITERAL_NULL_CONVERSION = YES;
				CLANG_WARN_OBJC_IMPLICIT_RETAIN_SELF = YES;
				CLANG_WARN_OBJC_LITERAL_CONVERSION = YES;
				CLANG_WARN_OBJC_ROOT_CLASS = YES_ERROR;
				CLANG_WARN_QUOTED_INCLUDE_IN_FRAMEWORK_HEADER = YES;
				CLANG_WARN_RANGE_LOOP_ANALYSIS = YES;
				CLANG_WARN_STRICT_PROTOTYPES = YES;
				CLANG_WARN_SUSPICIOUS_MOVE = YES;
				CLANG_WARN_UNGUARDED_AVAILABILITY = YES_AGGRESSIVE;
				CLANG_WARN_UNREACHABLE_CODE = YES;
				CLANG_WARN__DUPLICATE_METHOD_MATCH = YES;
				COPY_PHASE_STRIP = NO;
				DEBUG_INFORMATION_FORMAT = dwarf;
				ENABLE_STRICT_OBJC_MSGSEND = YES;
				ENABLE_TESTABILITY = YES;
				GCC_C_LANGUAGE_STANDARD = gnu11;
				GCC_DYNAMIC_NO_PIC = NO;
				GCC_NO_COMMON_BLOCKS = YES;
				GCC_OPTIMIZATION_LEVEL = 0;
				GCC_PREPROCESSOR_DEFINITIONS = (
					"DEBUG=1",
					"$(inherited)",
				);
				GCC_WARN_64_TO_32_BIT_CONVERSION = YES;
				GCC_WARN_ABOUT_RETURN_TYPE = YES_ERROR;
				GCC_WARN_UNDECLARED_SELECTOR = YES;
				GCC_WARN_UNINITIALIZED_AUTOS = YES_AGGRESSIVE;
				GCC_WARN_UNUSED_FUNCTION = YES;
				GCC_WARN_UNUSED_VARIABLE = YES;
				IPHONEOS_DEPLOYMENT_TARGET = 16.4;
				MTL_ENABLE_DEBUG_INFO = INCLUDE_SOURCE;
				MTL_FAST_MATH = YES;
				ONLY_ACTIVE_ARCH = YES;
				SDKROOT = iphoneos;
				SWIFT_ACTIVE_COMPILATION_CONDITIONS = DEBUG;
				SWIFT_OPTIMIZATION_LEVEL = "-Onone";
			};
			name = Debug;
		};
		774434B12BD8DDBC0082FF01 /* Release */ = {
			isa = XCBuildConfiguration;
			buildSettings = {
				ALWAYS_SEARCH_USER_PATHS = NO;
				CLANG_ANALYZER_NONNULL = YES;
				CLANG_ANALYZER_NUMBER_OBJECT_CONVERSION = YES_AGGRESSIVE;
				CLANG_CXX_LANGUAGE_STANDARD = "gnu++20";
				CLANG_ENABLE_MODULES = YES;
				CLANG_ENABLE_OBJC_ARC = YES;
				CLANG_ENABLE_OBJC_WEAK = YES;
				CLANG_WARN_BLOCK_CAPTURE_AUTORELEASING = YES;
				CLANG_WARN_BOOL_CONVERSION = YES;
				CLANG_WARN_COMMA = YES;
				CLANG_WARN_CONSTANT_CONVERSION = YES;
				CLANG_WARN_DEPRECATED_OBJC_IMPLEMENTATIONS = YES;
				CLANG_WARN_DIRECT_OBJC_ISA_USAGE = YES_ERROR;
				CLANG_WARN_DOCUMENTATION_COMMENTS = YES;
				CLANG_WARN_EMPTY_BODY = YES;
				CLANG_WARN_ENUM_CONVERSION = YES;
				CLANG_WARN_INFINITE_RECURSION = YES;
				CLANG_WARN_INT_CONVERSION = YES;
				CLANG_WARN_NON_LITERAL_NULL_CONVERSION = YES;
				CLANG_WARN_OBJC_IMPLICIT_RETAIN_SELF = YES;
				CLANG_WARN_OBJC_LITERAL_CONVERSION = YES;
				CLANG_WARN_OBJC_ROOT_CLASS = YES_ERROR;
				CLANG_WARN_QUOTED_INCLUDE_IN_FRAMEWORK_HEADER = YES;
				CLANG_WARN_RANGE_LOOP_ANALYSIS = YES;
				CLANG_WARN_STRICT_PROTOTYPES = YES;
				CLANG_WARN_SUSPICIOUS_MOVE = YES;
				CLANG_WARN_UNGUARDED_AVAILABILITY = YES_AGGRESSIVE;
				CLANG_WARN_UNREACHABLE_CODE = YES;
				CLANG_WARN__DUPLICATE_METHOD_MATCH = YES;
				COPY_PHASE_STRIP = NO;
				DEBUG_INFORMATION_FORMAT = "dwarf-with-dsym";
				ENABLE_NS_ASSERTIONS = NO;
				ENABLE_STRICT_OBJC_MSGSEND = YES;
				GCC_C_LANGUAGE_STANDARD = gnu11;
				GCC_NO_COMMON_BLOCKS = YES;
				GCC_WARN_64_TO_32_BIT_CONVERSION = YES;
				GCC_WARN_ABOUT_RETURN_TYPE = YES_ERROR;
				GCC_WARN_UNDECLARED_SELECTOR = YES;
				GCC_WARN_UNINITIALIZED_AUTOS = YES_AGGRESSIVE;
				GCC_WARN_UNUSED_FUNCTION = YES;
				GCC_WARN_UNUSED_VARIABLE = YES;
				IPHONEOS_DEPLOYMENT_TARGET = 16.4;
				MTL_ENABLE_DEBUG_INFO = NO;
				MTL_FAST_MATH = YES;
				SDKROOT = iphoneos;
				SWIFT_COMPILATION_MODE = wholemodule;
				SWIFT_OPTIMIZATION_LEVEL = "-O";
				VALIDATE_PRODUCT = YES;
			};
			name = Release;
		};
		774434B32BD8DDBC0082FF01 /* Debug */ = {
			isa = XCBuildConfiguration;
			buildSettings = {
				ASSETCATALOG_COMPILER_APPICON_NAME = AppIcon;
				ASSETCATALOG_COMPILER_GLOBAL_ACCENT_COLOR_NAME = AccentColor;
				CODE_SIGN_STYLE = Automatic;
				CURRENT_PROJECT_VERSION = 1;
				DEVELOPMENT_ASSET_PATHS = "\"Acucent iOS/Preview Content\"";
				ENABLE_PREVIEWS = YES;
				GENERATE_INFOPLIST_FILE = YES;
				INFOPLIST_KEY_UIApplicationSceneManifest_Generation = YES;
				INFOPLIST_KEY_UIApplicationSupportsIndirectInputEvents = YES;
				INFOPLIST_KEY_UILaunchScreen_Generation = YES;
				INFOPLIST_KEY_UILaunchStoryboardName = "Launch Screen.storyboard";
				INFOPLIST_KEY_UISupportedInterfaceOrientations_iPad = "UIInterfaceOrientationPortrait UIInterfaceOrientationPortraitUpsideDown UIInterfaceOrientationLandscapeLeft UIInterfaceOrientationLandscapeRight";
				INFOPLIST_KEY_UISupportedInterfaceOrientations_iPhone = "UIInterfaceOrientationPortrait UIInterfaceOrientationLandscapeLeft UIInterfaceOrientationLandscapeRight";
				LD_RUNPATH_SEARCH_PATHS = (
					"$(inherited)",
					"@executable_path/Frameworks",
				);
				MARKETING_VERSION = 1.0;
				PRODUCT_BUNDLE_IDENTIFIER = "io.acucent.Acucent-iOS";
				PRODUCT_NAME = "$(TARGET_NAME)";
				SWIFT_EMIT_LOC_STRINGS = YES;
				SWIFT_VERSION = 5.0;
				TARGETED_DEVICE_FAMILY = "1,2";
			};
			name = Debug;
		};
		774434B42BD8DDBC0082FF01 /* Release */ = {
			isa = XCBuildConfiguration;
			buildSettings = {
				ASSETCATALOG_COMPILER_APPICON_NAME = AppIcon;
				ASSETCATALOG_COMPILER_GLOBAL_ACCENT_COLOR_NAME = AccentColor;
				CODE_SIGN_STYLE = Automatic;
				CURRENT_PROJECT_VERSION = 1;
				DEVELOPMENT_ASSET_PATHS = "\"Acucent iOS/Preview Content\"";
				ENABLE_PREVIEWS = YES;
				GENERATE_INFOPLIST_FILE = YES;
				INFOPLIST_KEY_UIApplicationSceneManifest_Generation = YES;
				INFOPLIST_KEY_UIApplicationSupportsIndirectInputEvents = YES;
				INFOPLIST_KEY_UILaunchScreen_Generation = YES;
				INFOPLIST_KEY_UILaunchStoryboardName = "Launch Screen.storyboard";
				INFOPLIST_KEY_UISupportedInterfaceOrientations_iPad = "UIInterfaceOrientationPortrait UIInterfaceOrientationPortraitUpsideDown UIInterfaceOrientationLandscapeLeft UIInterfaceOrientationLandscapeRight";
				INFOPLIST_KEY_UISupportedInterfaceOrientations_iPhone = "UIInterfaceOrientationPortrait UIInterfaceOrientationLandscapeLeft UIInterfaceOrientationLandscapeRight";
				LD_RUNPATH_SEARCH_PATHS = (
					"$(inherited)",
					"@executable_path/Frameworks",
				);
				MARKETING_VERSION = 1.0;
				PRODUCT_BUNDLE_IDENTIFIER = "io.acucent.Acucent-iOS";
				PRODUCT_NAME = "$(TARGET_NAME)";
				SWIFT_EMIT_LOC_STRINGS = YES;
				SWIFT_VERSION = 5.0;
				TARGETED_DEVICE_FAMILY = "1,2";
			};
			name = Release;
		};
		774434B62BD8DDBC0082FF01 /* Debug */ = {
			isa = XCBuildConfiguration;
			buildSettings = {
				ALWAYS_EMBED_SWIFT_STANDARD_LIBRARIES = YES;
				BUNDLE_LOADER = "$(TEST_HOST)";
				CODE_SIGN_STYLE = Automatic;
				CURRENT_PROJECT_VERSION = 1;
				GENERATE_INFOPLIST_FILE = YES;
				IPHONEOS_DEPLOYMENT_TARGET = 16.4;
				MARKETING_VERSION = 1.0;
				PRODUCT_BUNDLE_IDENTIFIER = "io.acucent.Acucent-iOSTests";
				PRODUCT_NAME = "$(TARGET_NAME)";
				SWIFT_EMIT_LOC_STRINGS = NO;
				SWIFT_VERSION = 5.0;
				TARGETED_DEVICE_FAMILY = "1,2";
				TEST_HOST = "$(BUILT_PRODUCTS_DIR)/Acucent iOS.app/$(BUNDLE_EXECUTABLE_FOLDER_PATH)/Acucent iOS";
			};
			name = Debug;
		};
		774434B72BD8DDBC0082FF01 /* Release */ = {
			isa = XCBuildConfiguration;
			buildSettings = {
				ALWAYS_EMBED_SWIFT_STANDARD_LIBRARIES = YES;
				BUNDLE_LOADER = "$(TEST_HOST)";
				CODE_SIGN_STYLE = Automatic;
				CURRENT_PROJECT_VERSION = 1;
				GENERATE_INFOPLIST_FILE = YES;
				IPHONEOS_DEPLOYMENT_TARGET = 16.4;
				MARKETING_VERSION = 1.0;
				PRODUCT_BUNDLE_IDENTIFIER = "io.acucent.Acucent-iOSTests";
				PRODUCT_NAME = "$(TARGET_NAME)";
				SWIFT_EMIT_LOC_STRINGS = NO;
				SWIFT_VERSION = 5.0;
				TARGETED_DEVICE_FAMILY = "1,2";
				TEST_HOST = "$(BUILT_PRODUCTS_DIR)/Acucent iOS.app/$(BUNDLE_EXECUTABLE_FOLDER_PATH)/Acucent iOS";
			};
			name = Release;
		};
		774434B92BD8DDBC0082FF01 /* Debug */ = {
			isa = XCBuildConfiguration;
			buildSettings = {
				ALWAYS_EMBED_SWIFT_STANDARD_LIBRARIES = YES;
				CODE_SIGN_STYLE = Automatic;
				CURRENT_PROJECT_VERSION = 1;
				GENERATE_INFOPLIST_FILE = YES;
				MARKETING_VERSION = 1.0;
				PRODUCT_BUNDLE_IDENTIFIER = "io.acucent.Acucent-iOSUITests";
				PRODUCT_NAME = "$(TARGET_NAME)";
				SWIFT_EMIT_LOC_STRINGS = NO;
				SWIFT_VERSION = 5.0;
				TARGETED_DEVICE_FAMILY = "1,2";
				TEST_TARGET_NAME = "Acucent iOS";
			};
			name = Debug;
		};
		774434BA2BD8DDBC0082FF01 /* Release */ = {
			isa = XCBuildConfiguration;
			buildSettings = {
				ALWAYS_EMBED_SWIFT_STANDARD_LIBRARIES = YES;
				CODE_SIGN_STYLE = Automatic;
				CURRENT_PROJECT_VERSION = 1;
				GENERATE_INFOPLIST_FILE = YES;
				MARKETING_VERSION = 1.0;
				PRODUCT_BUNDLE_IDENTIFIER = "io.acucent.Acucent-iOSUITests";
				PRODUCT_NAME = "$(TARGET_NAME)";
				SWIFT_EMIT_LOC_STRINGS = NO;
				SWIFT_VERSION = 5.0;
				TARGETED_DEVICE_FAMILY = "1,2";
				TEST_TARGET_NAME = "Acucent iOS";
			};
			name = Release;
		};
/* End XCBuildConfiguration section */

/* Begin XCConfigurationList section */
		774434892BD8DDBA0082FF01 /* Build configuration list for PBXProject "Acucent iOS" */ = {
			isa = XCConfigurationList;
			buildConfigurations = (
				774434B02BD8DDBC0082FF01 /* Debug */,
				774434B12BD8DDBC0082FF01 /* Release */,
			);
			defaultConfigurationIsVisible = 0;
			defaultConfigurationName = Release;
		};
		774434B22BD8DDBC0082FF01 /* Build configuration list for PBXNativeTarget "Acucent iOS" */ = {
			isa = XCConfigurationList;
			buildConfigurations = (
				774434B32BD8DDBC0082FF01 /* Debug */,
				774434B42BD8DDBC0082FF01 /* Release */,
			);
			defaultConfigurationIsVisible = 0;
			defaultConfigurationName = Release;
		};
		774434B52BD8DDBC0082FF01 /* Build configuration list for PBXNativeTarget "Acucent iOSTests" */ = {
			isa = XCConfigurationList;
			buildConfigurations = (
				774434B62BD8DDBC0082FF01 /* Debug */,
				774434B72BD8DDBC0082FF01 /* Release */,
			);
			defaultConfigurationIsVisible = 0;
			defaultConfigurationName = Release;
		};
		774434B82BD8DDBC0082FF01 /* Build configuration list for PBXNativeTarget "Acucent iOSUITests" */ = {
			isa = XCConfigurationList;
			buildConfigurations = (
				774434B92BD8DDBC0082FF01 /* Debug */,
				774434BA2BD8DDBC0082FF01 /* Release */,
			);
			defaultConfigurationIsVisible = 0;
			defaultConfigurationName = Release;
		};
/* End XCConfigurationList section */
	};
	rootObject = 774434862BD8DDBA0082FF01 /* Project object */;
}
